
Microsoft Visual Studio Solution File, Format Version 12.00
# Visual Studio Version 17
VisualStudioVersion = 17.6.33712.159
MinimumVisualStudioVersion = 10.0.40219.1
Project("{9A19103F-16F7-4668-BE54-9A1E7A4F7556}") = "RagnaMock", "RagnaMock.csproj", "{043245F8-F496-4030-9B4D-3314AA588637}"
EndProject
Global
	GlobalSection(SolutionConfigurationPlatforms) = preSolution
		Debug|Any CPU = Debug|Any CPU
		Release|Any CPU = Release|Any CPU
	EndGlobalSection
	GlobalSection(ProjectConfigurationPlatforms) = postSolution
		{043245F8-F496-4030-9B4D-3314AA588637}.Debug|Any CPU.ActiveCfg = Debug|Any CPU
		{043245F8-F496-4030-9B4D-3314AA588637}.Debug|Any CPU.Build.0 = Debug|Any CPU
		{043245F8-F496-4030-9B4D-3314AA588637}.Release|Any CPU.ActiveCfg = Release|Any CPU
		{043245F8-F496-4030-9B4D-3314AA588637}.Release|Any CPU.Build.0 = Release|Any CPU
	EndGlobalSection
	GlobalSection(SolutionProperties) = preSolution
		HideSolutionNode = FALSE
	EndGlobalSection
	GlobalSection(ExtensibilityGlobals) = postSolution
		SolutionGuid = {C8DA5B7C-C26E-459F-9E9A-CD5023EF36F3}
	EndGlobalSection
EndGlobal
